# This file is automatically @generated by Cargo.
# It is not intended for manual editing.
version = 4

[[package]]
name = "aaa_kit"
version = "0.1.0"
dependencies = [
 "zzz_base",
]

[[package]]
name = "bbb"
version = "0.1.0"
dependencies = [
 "aaa_kit",
]

[[package]]
name = "ccc"
version = "0.1.0"
dependencies = [
 "aaa_kit",
]

[[package]]
name = "zzz_base"
version = "0.1.0"
