# This file is automatically @generated by Cargo.
# It is not intended for manual editing.
version = 4

[[package]]
name = "alpha-core"
version = "0.1.0"

[[package]]
name = "beta-service"
version = "0.1.0"
dependencies = [
 "alpha-core",
]

[[package]]
name = "delta-api"
version = "0.1.0"
dependencies = [
 "alpha-core",
 "gamma-util",
]

[[package]]
name = "gamma-util"
version = "0.1.0"

[[package]]
name = "zebra-app"
version = "0.1.0"
dependencies = [
 "alpha-core",
 "beta-service",
 "delta-api",
 "gamma-util",
]
