# This file is automatically @generated by Cargo.
# It is not intended for manual editing.
version = 4

[[package]]
name = "custom-bin"
version = "0.1.0"
dependencies = [
 "renamed-lib",
]

[[package]]
name = "decoy-main"
version = "0.1.0"

[[package]]
name = "outside-src"
version = "0.1.0"

[[package]]
name = "renamed-lib"
version = "0.1.0"
