# This file is automatically @generated by Cargo.
# It is not intended for manual editing.
version = 4

[[package]]
name = "build-helper"
version = "0.1.0"

[[package]]
name = "core"
version = "0.1.0"

[[package]]
name = "core-utils"
version = "0.1.0"
dependencies = [
 "core",
 "shared-lib",
]

[[package]]
name = "server-utils"
version = "0.1.0"
dependencies = [
 "build-helper",
 "core",
]

[[package]]
name = "shared-lib"
version = "0.1.0"

[[package]]
name = "testlib"
version = "0.1.0"

[[package]]
name = "web-utils"
version = "0.1.0"
dependencies = [
 "core",
 "core-utils",
 "shared-lib",
 "testlib",
]
